
Microsoft Visual Studio Solution File, Format Version 12.00
# Visual Studio Version 17
VisualStudioVersion = 17.0.31903.59
MinimumVisualStudioVersion = 10.0.40219.1
Project("{FAE04EC0-301F-11D3-BF4B-00C04F79EFBC}") = "LoadDataFromDocx", "LoadDataFromDocx\LoadDataFromDocx.csproj", "{31B158BB-CDCB-4849-98B5-C7F0D01A29FF}"
EndProject
Project("{FAE04EC0-301F-11D3-BF4B-00C04F79EFBC}") = "HtmlEditToolbarCustomization", "ReplicateBuiltInToolbar\HtmlEditToolbarCustomization.csproj", "{49B14BCA-22CD-472D-8F58-543F577D9740}"
EndProject
Project("{FAE04EC0-301F-11D3-BF4B-00C04F79EFBC}") = "PropertyDescriptionHTMLEdit", "PropertyDescription\PropertyDescriptionHTMLEdit.csproj", "{47C222FE-1FD9-4D41-8085-97C5355E3EDF}"
EndProject
Global
	GlobalSection(SolutionConfigurationPlatforms) = preSolution
		Debug|Any CPU = Debug|Any CPU
		Release|Any CPU = Release|Any CPU
	EndGlobalSection
	GlobalSection(SolutionProperties) = preSolution
		HideSolutionNode = FALSE
	EndGlobalSection
	GlobalSection(ProjectConfigurationPlatforms) = postSolution
		{31B158BB-CDCB-4849-98B5-C7F0D01A29FF}.Debug|Any CPU.ActiveCfg = Debug|Any CPU
		{31B158BB-CDCB-4849-98B5-C7F0D01A29FF}.Debug|Any CPU.Build.0 = Debug|Any CPU
		{31B158BB-CDCB-4849-98B5-C7F0D01A29FF}.Debug|Any CPU.Deploy.0 = Debug|Any CPU
		{31B158BB-CDCB-4849-98B5-C7F0D01A29FF}.Release|Any CPU.ActiveCfg = Release|Any CPU
		{31B158BB-CDCB-4849-98B5-C7F0D01A29FF}.Release|Any CPU.Build.0 = Release|Any CPU
		{31B158BB-CDCB-4849-98B5-C7F0D01A29FF}.Release|Any CPU.Deploy.0 = Release|Any CPU
		{49B14BCA-22CD-472D-8F58-543F577D9740}.Debug|Any CPU.ActiveCfg = Debug|Any CPU
		{49B14BCA-22CD-472D-8F58-543F577D9740}.Debug|Any CPU.Build.0 = Debug|Any CPU
		{49B14BCA-22CD-472D-8F58-543F577D9740}.Debug|Any CPU.Deploy.0 = Debug|Any CPU
		{49B14BCA-22CD-472D-8F58-543F577D9740}.Release|Any CPU.ActiveCfg = Release|Any CPU
		{49B14BCA-22CD-472D-8F58-543F577D9740}.Release|Any CPU.Build.0 = Release|Any CPU
		{49B14BCA-22CD-472D-8F58-543F577D9740}.Release|Any CPU.Deploy.0 = Release|Any CPU
		{47C222FE-1FD9-4D41-8085-97C5355E3EDF}.Debug|Any CPU.ActiveCfg = Debug|Any CPU
		{47C222FE-1FD9-4D41-8085-97C5355E3EDF}.Debug|Any CPU.Build.0 = Debug|Any CPU
		{47C222FE-1FD9-4D41-8085-97C5355E3EDF}.Debug|Any CPU.Deploy.0 = Debug|Any CPU
		{47C222FE-1FD9-4D41-8085-97C5355E3EDF}.Release|Any CPU.ActiveCfg = Release|Any CPU
		{47C222FE-1FD9-4D41-8085-97C5355E3EDF}.Release|Any CPU.Build.0 = Release|Any CPU
		{47C222FE-1FD9-4D41-8085-97C5355E3EDF}.Release|Any CPU.Deploy.0 = Release|Any CPU
	EndGlobalSection
EndGlobal
